
Microsoft Visual Studio Solution File, Format Version 12.00
# Visual Studio Version 16
VisualStudioVersion = 16.0.30225.117
MinimumVisualStudioVersion = 10.0.40219.1
Project("{FAE04EC0-301F-11D3-BF4B-00C04F79EFBC}") = "LeagueDeck", "LeagueDeck\LeagueDeck.csproj", "{4635D874-69C0-4010-BE46-77EF92EB1553}"
EndProject
Project("{FAE04EC0-301F-11D3-BF4B-00C04F79EFBC}") = "LeagueDeck.Core", "LeagueDeck.Info\LeagueDeck.Core.csproj", "{B237DBFC-31DB-4B55-A2A5-EBDB296B395B}"
EndProject
Global
	GlobalSection(SolutionConfigurationPlatforms) = preSolution
		Debug|Any CPU = Debug|Any CPU
		Release|Any CPU = Release|Any CPU
	EndGlobalSection
	GlobalSection(ProjectConfigurationPlatforms) = postSolution
		{4635D874-69C0-4010-BE46-77EF92EB1553}.Debug|Any CPU.ActiveCfg = Debug|Any CPU
		{4635D874-69C0-4010-BE46-77EF92EB1553}.Debug|Any CPU.Build.0 = Debug|Any CPU
		{4635D874-69C0-4010-BE46-77EF92EB1553}.Release|Any CPU.ActiveCfg = Release|Any CPU
		{4635D874-69C0-4010-BE46-77EF92EB1553}.Release|Any CPU.Build.0 = Release|Any CPU
		{B237DBFC-31DB-4B55-A2A5-EBDB296B395B}.Debug|Any CPU.ActiveCfg = Debug|Any CPU
		{B237DBFC-31DB-4B55-A2A5-EBDB296B395B}.Debug|Any CPU.Build.0 = Debug|Any CPU
		{B237DBFC-31DB-4B55-A2A5-EBDB296B395B}.Release|Any CPU.ActiveCfg = Release|Any CPU
		{B237DBFC-31DB-4B55-A2A5-EBDB296B395B}.Release|Any CPU.Build.0 = Release|Any CPU
	EndGlobalSection
	GlobalSection(SolutionProperties) = preSolution
		HideSolutionNode = FALSE
	EndGlobalSection
	GlobalSection(ExtensibilityGlobals) = postSolution
		SolutionGuid = {9A38E181-2380-487A-A3B0-B193996B06DE}
	EndGlobalSection
EndGlobal
